// !$*UTF8*$!
{
	archiveVersion = 1;
	classes = {
	};
	objectVersion = 48;
	objects = {

/* Begin PBXBuildFile section */
		301F523D20FF49110001CEBC /* Question.swift in Sources */ = {isa = PBXBuildFile; fileRef = 301F523C20FF49110001CEBC /* Question.swift */; };
		301F523E20FF49110001CEBC /* Question.swift in Sources */ = {isa = PBXBuildFile; fileRef = 301F523C20FF49110001CEBC /* Question.swift */; };
		301F524020FF49210001CEBC /* QuestionTest.swift in Sources */ = {isa = PBXBuildFile; fileRef = 301F523F20FF49210001CEBC /* QuestionTest.swift */; };
		301F524120FF49210001CEBC /* QuestionTest.swift in Sources */ = {isa = PBXBuildFile; fileRef = 301F523F20FF49210001CEBC /* QuestionTest.swift */; };
		3048203020F7CABD007F4673 /* Result.swift in Sources */ = {isa = PBXBuildFile; fileRef = 3048202F20F7CABD007F4673 /* Result.swift */; };
		3048203220F7CAD7007F4673 /* Router.swift in Sources */ = {isa = PBXBuildFile; fileRef = 3048203120F7CAD7007F4673 /* Router.swift */; };
		3048203420F7CB40007F4673 /* GameTest.swift in Sources */ = {isa = PBXBuildFile; fileRef = 3048203320F7CB40007F4673 /* GameTest.swift */; };
		3048203620F7CBFF007F4673 /* Game.swift in Sources */ = {isa = PBXBuildFile; fileRef = 3048203520F7CBFF007F4673 /* Game.swift */; };
		3048203820F7CCB1007F4673 /* RouterSpy.swift in Sources */ = {isa = PBXBuildFile; fileRef = 3048203720F7CCB1007F4673 /* RouterSpy.swift */; };
		3048204720F8AAB8007F4673 /* QuizEngine.framework in Frameworks */ = {isa = PBXBuildFile; fileRef = 3048203E20F8AAB8007F4673 /* QuizEngine.framework */; };
		3048205520F8AB84007F4673 /* Flow.swift in Sources */ = {isa = PBXBuildFile; fileRef = 30B36D2A20EA3F330003EA66 /* Flow.swift */; };
		3048205620F8AB84007F4673 /* Result.swift in Sources */ = {isa = PBXBuildFile; fileRef = 3048202F20F7CABD007F4673 /* Result.swift */; };
		3048205720F8AB84007F4673 /* Router.swift in Sources */ = {isa = PBXBuildFile; fileRef = 3048203120F7CAD7007F4673 /* Router.swift */; };
		3048205820F8AB84007F4673 /* Game.swift in Sources */ = {isa = PBXBuildFile; fileRef = 3048203520F7CBFF007F4673 /* Game.swift */; };
		3048205920F8AB88007F4673 /* FlowTest.swift in Sources */ = {isa = PBXBuildFile; fileRef = 30B36D2820EA3F270003EA66 /* FlowTest.swift */; };
		3048205A20F8AB88007F4673 /* GameTest.swift in Sources */ = {isa = PBXBuildFile; fileRef = 3048203320F7CB40007F4673 /* GameTest.swift */; };
		3048205B20F8AB88007F4673 /* RouterSpy.swift in Sources */ = {isa = PBXBuildFile; fileRef = 3048203720F7CCB1007F4673 /* RouterSpy.swift */; };
		30B36D1820EA3EFA0003EA66 /* QuizEngine.framework in Frameworks */ = {isa = PBXBuildFile; fileRef = 30B36D0E20EA3EF90003EA66 /* QuizEngine.framework */; };
		30B36D2920EA3F270003EA66 /* FlowTest.swift in Sources */ = {isa = PBXBuildFile; fileRef = 30B36D2820EA3F270003EA66 /* FlowTest.swift */; };
		30B36D2B20EA3F330003EA66 /* Flow.swift in Sources */ = {isa = PBXBuildFile; fileRef = 30B36D2A20EA3F330003EA66 /* Flow.swift */; };
/* End PBXBuildFile section */

/* Begin PBXContainerItemProxy section */
		3048204820F8AAB8007F4673 /* PBXContainerItemProxy */ = {
			isa = PBXContainerItemProxy;
			containerPortal = 30B36D0520EA3EF90003EA66 /* Project object */;
			proxyType = 1;
			remoteGlobalIDString = 3048203D20F8AAB8007F4673;
			remoteInfo = QuizEngine_iOS;
		};
		30B36D1920EA3EFA0003EA66 /* PBXContainerItemProxy */ = {
			isa = PBXContainerItemProxy;
			containerPortal = 30B36D0520EA3EF90003EA66 /* Project object */;
			proxyType = 1;
			remoteGlobalIDString = 30B36D0D20EA3EF90003EA66;
			remoteInfo = QuizEngine;
		};
/* End PBXContainerItemProxy section */

/* Begin PBXFileReference section */
		301F523C20FF49110001CEBC /* Question.swift */ = {isa = PBXFileReference; lastKnownFileType = sourcecode.swift; path = Question.swift; sourceTree = "<group>"; };
		301F523F20FF49210001CEBC /* QuestionTest.swift */ = {isa = PBXFileReference; lastKnownFileType = sourcecode.swift; path = QuestionTest.swift; sourceTree = "<group>"; };
		3048202F20F7CABD007F4673 /* Result.swift */ = {isa = PBXFileReference; lastKnownFileType = sourcecode.swift; path = Result.swift; sourceTree = "<group>"; };
		3048203120F7CAD7007F4673 /* Router.swift */ = {isa = PBXFileReference; lastKnownFileType = sourcecode.swift; path = Router.swift; sourceTree = "<group>"; };
		3048203320F7CB40007F4673 /* GameTest.swift */ = {isa = PBXFileReference; lastKnownFileType = sourcecode.swift; path = GameTest.swift; sourceTree = "<group>"; };
		3048203520F7CBFF007F4673 /* Game.swift */ = {isa = PBXFileReference; lastKnownFileType = sourcecode.swift; path = Game.swift; sourceTree = "<group>"; };
		3048203720F7CCB1007F4673 /* RouterSpy.swift */ = {isa = PBXFileReference; lastKnownFileType = sourcecode.swift; path = RouterSpy.swift; sourceTree = "<group>"; };
		3048203E20F8AAB8007F4673 /* QuizEngine.framework */ = {isa = PBXFileReference; explicitFileType = wrapper.framework; includeInIndex = 0; path = QuizEngine.framework; sourceTree = BUILT_PRODUCTS_DIR; };
		3048204620F8AAB8007F4673 /* QuizEngine_iOSTests.xctest */ = {isa = PBXFileReference; explicitFileType = wrapper.cfbundle; includeInIndex = 0; path = QuizEngine_iOSTests.xctest; sourceTree = BUILT_PRODUCTS_DIR; };
		30B36D0E20EA3EF90003EA66 /* QuizEngine.framework */ = {isa = PBXFileReference; explicitFileType = wrapper.framework; includeInIndex = 0; path = QuizEngine.framework; sourceTree = BUILT_PRODUCTS_DIR; };
		30B36D1220EA3EF90003EA66 /* Info.plist */ = {isa = PBXFileReference; lastKnownFileType = text.plist.xml; path = Info.plist; sourceTree = "<group>"; };
		30B36D1720EA3EFA0003EA66 /* QuizEngineTests.xctest */ = {isa = PBXFileReference; explicitFileType = wrapper.cfbundle; includeInIndex = 0; path = QuizEngineTests.xctest; sourceTree = BUILT_PRODUCTS_DIR; };
		30B36D1E20EA3EFA0003EA66 /* Info.plist */ = {isa = PBXFileReference; lastKnownFileType = text.plist.xml; path = Info.plist; sourceTree = "<group>"; };
		30B36D2820EA3F270003EA66 /* FlowTest.swift */ = {isa = PBXFileReference; lastKnownFileType = sourcecode.swift; path = FlowTest.swift; sourceTree = "<group>"; };
		30B36D2A20EA3F330003EA66 /* Flow.swift */ = {isa = PBXFileReference; lastKnownFileType = sourcecode.swift; path = Flow.swift; sourceTree = "<group>"; };
/* End PBXFileReference section */

/* Begin PBXFrameworksBuildPhase section */
		3048203A20F8AAB8007F4673 /* Frameworks */ = {
			isa = PBXFrameworksBuildPhase;
			buildActionMask = 2147483647;
			files = (
			);
			runOnlyForDeploymentPostprocessing = 0;
		};
		3048204320F8AAB8007F4673 /* Frameworks */ = {
			isa = PBXFrameworksBuildPhase;
			buildActionMask = 2147483647;
			files = (
				3048204720F8AAB8007F4673 /* QuizEngine.framework in Frameworks */,
			);
			runOnlyForDeploymentPostprocessing = 0;
		};
		30B36D0A20EA3EF90003EA66 /* Frameworks */ = {
			isa = PBXFrameworksBuildPhase;
			buildActionMask = 2147483647;
			files = (
			);
			runOnlyForDeploymentPostprocessing = 0;
		};
		30B36D1420EA3EFA0003EA66 /* Frameworks */ = {
			isa = PBXFrameworksBuildPhase;
			buildActionMask = 2147483647;
			files = (
				30B36D1820EA3EFA0003EA66 /* QuizEngine.framework in Frameworks */,
			);
			runOnlyForDeploymentPostprocessing = 0;
		};
/* End PBXFrameworksBuildPhase section */

/* Begin PBXGroup section */
		30B36D0420EA3EF90003EA66 = {
			isa = PBXGroup;
			children = (
				30B36D1020EA3EF90003EA66 /* QuizEngine */,
				30B36D1B20EA3EFA0003EA66 /* QuizEngineTests */,
				30B36D0F20EA3EF90003EA66 /* Products */,
			);
			sourceTree = "<group>";
		};
		30B36D0F20EA3EF90003EA66 /* Products */ = {
			isa = PBXGroup;
			children = (
				30B36D0E20EA3EF90003EA66 /* QuizEngine.framework */,
				30B36D1720EA3EFA0003EA66 /* QuizEngineTests.xctest */,
				3048203E20F8AAB8007F4673 /* QuizEngine.framework */,
				3048204620F8AAB8007F4673 /* QuizEngine_iOSTests.xctest */,
			);
			name = Products;
			sourceTree = "<group>";
		};
		30B36D1020EA3EF90003EA66 /* QuizEngine */ = {
			isa = PBXGroup;
			children = (
				30B36D1220EA3EF90003EA66 /* Info.plist */,
				301F523C20FF49110001CEBC /* Question.swift */,
				30B36D2A20EA3F330003EA66 /* Flow.swift */,
				3048202F20F7CABD007F4673 /* Result.swift */,
				3048203120F7CAD7007F4673 /* Router.swift */,
				3048203520F7CBFF007F4673 /* Game.swift */,
			);
			path = QuizEngine;
			sourceTree = "<group>";
		};
		30B36D1B20EA3EFA0003EA66 /* QuizEngineTests */ = {
			isa = PBXGroup;
			children = (
				30B36D1E20EA3EFA0003EA66 /* Info.plist */,
				301F523F20FF49210001CEBC /* QuestionTest.swift */,
				30B36D2820EA3F270003EA66 /* FlowTest.swift */,
				3048203320F7CB40007F4673 /* GameTest.swift */,
				3048203720F7CCB1007F4673 /* RouterSpy.swift */,
			);
			path = QuizEngineTests;
			sourceTree = "<group>";
		};
/* End PBXGroup section */

/* Begin PBXHeadersBuildPhase section */
		3048203B20F8AAB8007F4673 /* Headers */ = {
			isa = PBXHeadersBuildPhase;
			buildActionMask = 2147483647;
			files = (
			);
			runOnlyForDeploymentPostprocessing = 0;
		};
		30B36D0B20EA3EF90003EA66 /* Headers */ = {
			isa = PBXHeadersBuildPhase;
			buildActionMask = 2147483647;
			files = (
			);
			runOnlyForDeploymentPostprocessing = 0;
		};
/* End PBXHeadersBuildPhase section */

/* Begin PBXNativeTarget section */
		3048203D20F8AAB8007F4673 /* QuizEngine_iOS */ = {
			isa = PBXNativeTarget;
			buildConfigurationList = 3048205320F8AAB8007F4673 /* Build configuration list for PBXNativeTarget "QuizEngine_iOS" */;
			buildPhases = (
				3048203920F8AAB8007F4673 /* Sources */,
				3048203A20F8AAB8007F4673 /* Frameworks */,
				3048203B20F8AAB8007F4673 /* Headers */,
				3048203C20F8AAB8007F4673 /* Resources */,
			);
			buildRules = (
			);
			dependencies = (
			);
			name = QuizEngine_iOS;
			productName = QuizEngine_iOS;
			productReference = 3048203E20F8AAB8007F4673 /* QuizEngine.framework */;
			productType = "com.apple.product-type.framework";
		};
		3048204520F8AAB8007F4673 /* QuizEngine_iOSTests */ = {
			isa = PBXNativeTarget;
			buildConfigurationList = 3048205420F8AAB8007F4673 /* Build configuration list for PBXNativeTarget "QuizEngine_iOSTests" */;
			buildPhases = (
				3048204220F8AAB8007F4673 /* Sources */,
				3048204320F8AAB8007F4673 /* Frameworks */,
				3048204420F8AAB8007F4673 /* Resources */,
			);
			buildRules = (
			);
			dependencies = (
				3048204920F8AAB8007F4673 /* PBXTargetDependency */,
			);
			name = QuizEngine_iOSTests;
			productName = QuizEngine_iOSTests;
			productReference = 3048204620F8AAB8007F4673 /* QuizEngine_iOSTests.xctest */;
			productType = "com.apple.product-type.bundle.unit-test";
		};
		30B36D0D20EA3EF90003EA66 /* QuizEngine */ = {
			isa = PBXNativeTarget;
			buildConfigurationList = 30B36D2220EA3EFA0003EA66 /* Build configuration list for PBXNativeTarget "QuizEngine" */;
			buildPhases = (
				30B36D0920EA3EF90003EA66 /* Sources */,
				30B36D0A20EA3EF90003EA66 /* Frameworks */,
				30B36D0B20EA3EF90003EA66 /* Headers */,
				30B36D0C20EA3EF90003EA66 /* Resources */,
			);
			buildRules = (
			);
			dependencies = (
			);
			name = QuizEngine;
			productName = QuizEngine;
			productReference = 30B36D0E20EA3EF90003EA66 /* QuizEngine.framework */;
			productType = "com.apple.product-type.framework";
		};
		30B36D1620EA3EFA0003EA66 /* QuizEngineTests */ = {
			isa = PBXNativeTarget;
			buildConfigurationList = 30B36D2520EA3EFA0003EA66 /* Build configuration list for PBXNativeTarget "QuizEngineTests" */;
			buildPhases = (
				30B36D1320EA3EFA0003EA66 /* Sources */,
				30B36D1420EA3EFA0003EA66 /* Frameworks */,
				30B36D1520EA3EFA0003EA66 /* Resources */,
			);
			buildRules = (
			);
			dependencies = (
				30B36D1A20EA3EFA0003EA66 /* PBXTargetDependency */,
			);
			name = QuizEngineTests;
			productName = QuizEngineTests;
			productReference = 30B36D1720EA3EFA0003EA66 /* QuizEngineTests.xctest */;
			productType = "com.apple.product-type.bundle.unit-test";
		};
/* End PBXNativeTarget section */

/* Begin PBXProject section */
		30B36D0520EA3EF90003EA66 /* Project object */ = {
			isa = PBXProject;
			attributes = {
				LastSwiftUpdateCheck = 0920;
				LastUpgradeCheck = 0920;
				ORGANIZATIONNAME = "André Martingo";
				TargetAttributes = {
					3048203D20F8AAB8007F4673 = {
						CreatedOnToolsVersion = 9.2;
						ProvisioningStyle = Automatic;
					};
					3048204520F8AAB8007F4673 = {
						CreatedOnToolsVersion = 9.2;
						ProvisioningStyle = Automatic;
					};
					30B36D0D20EA3EF90003EA66 = {
						CreatedOnToolsVersion = 9.2;
						LastSwiftMigration = 0920;
						ProvisioningStyle = Automatic;
					};
					30B36D1620EA3EFA0003EA66 = {
						CreatedOnToolsVersion = 9.2;
						LastSwiftMigration = 0920;
						ProvisioningStyle = Automatic;
					};
				};
			};
			buildConfigurationList = 30B36D0820EA3EF90003EA66 /* Build configuration list for PBXProject "QuizEngine" */;
			compatibilityVersion = "Xcode 8.0";
			developmentRegion = en;
			hasScannedForEncodings = 0;
			knownRegions = (
				en,
			);
			mainGroup = 30B36D0420EA3EF90003EA66;
			productRefGroup = 30B36D0F20EA3EF90003EA66 /* Products */;
			projectDirPath = "";
			projectRoot = "";
			targets = (
				30B36D0D20EA3EF90003EA66 /* QuizEngine */,
				30B36D1620EA3EFA0003EA66 /* QuizEngineTests */,
				3048203D20F8AAB8007F4673 /* QuizEngine_iOS */,
				3048204520F8AAB8007F4673 /* QuizEngine_iOSTests */,
			);
		};
/* End PBXProject section */

/* Begin PBXResourcesBuildPhase section */
		3048203C20F8AAB8007F4673 /* Resources */ = {
			isa = PBXResourcesBuildPhase;
			buildActionMask = 2147483647;
			files = (
			);
			runOnlyForDeploymentPostprocessing = 0;
		};
		3048204420F8AAB8007F4673 /* Resources */ = {
			isa = PBXResourcesBuildPhase;
			buildActionMask = 2147483647;
			files = (
			);
			runOnlyForDeploymentPostprocessing = 0;
		};
		30B36D0C20EA3EF90003EA66 /* Resources */ = {
			isa = PBXResourcesBuildPhase;
			buildActionMask = 2147483647;
			files = (
			);
			runOnlyForDeploymentPostprocessing = 0;
		};
		30B36D1520EA3EFA0003EA66 /* Resources */ = {
			isa = PBXResourcesBuildPhase;
			buildActionMask = 2147483647;
			files = (
			);
			runOnlyForDeploymentPostprocessing = 0;
		};
/* End PBXResourcesBuildPhase section */

/* Begin PBXSourcesBuildPhase section */
		3048203920F8AAB8007F4673 /* Sources */ = {
			isa = PBXSourcesBuildPhase;
			buildActionMask = 2147483647;
			files = (
				301F523E20FF49110001CEBC /* Question.swift in Sources */,
				3048205620F8AB84007F4673 /* Result.swift in Sources */,
				3048205720F8AB84007F4673 /* Router.swift in Sources */,
				3048205520F8AB84007F4673 /* Flow.swift in Sources */,
				3048205820F8AB84007F4673 /* Game.swift in Sources */,
			);
			runOnlyForDeploymentPostprocessing = 0;
		};
		3048204220F8AAB8007F4673 /* Sources */ = {
			isa = PBXSourcesBuildPhase;
			buildActionMask = 2147483647;
			files = (
				3048205920F8AB88007F4673 /* FlowTest.swift in Sources */,
				301F524120FF49210001CEBC /* QuestionTest.swift in Sources */,
				3048205A20F8AB88007F4673 /* GameTest.swift in Sources */,
				3048205B20F8AB88007F4673 /* RouterSpy.swift in Sources */,
			);
			runOnlyForDeploymentPostprocessing = 0;
		};
		30B36D0920EA3EF90003EA66 /* Sources */ = {
			isa = PBXSourcesBuildPhase;
			buildActionMask = 2147483647;
			files = (
				301F523D20FF49110001CEBC /* Question.swift in Sources */,
				3048203020F7CABD007F4673 /* Result.swift in Sources */,
				3048203220F7CAD7007F4673 /* Router.swift in Sources */,
				30B36D2B20EA3F330003EA66 /* Flow.swift in Sources */,
				3048203620F7CBFF007F4673 /* Game.swift in Sources */,
			);
			runOnlyForDeploymentPostprocessing = 0;
		};
		30B36D1320EA3EFA0003EA66 /* Sources */ = {
			isa = PBXSourcesBuildPhase;
			buildActionMask = 2147483647;
			files = (
				30B36D2920EA3F270003EA66 /* FlowTest.swift in Sources */,
				301F524020FF49210001CEBC /* QuestionTest.swift in Sources */,
				3048203420F7CB40007F4673 /* GameTest.swift in Sources */,
				3048203820F7CCB1007F4673 /* RouterSpy.swift in Sources */,
			);
			runOnlyForDeploymentPostprocessing = 0;
		};
/* End PBXSourcesBuildPhase section */

/* Begin PBXTargetDependency section */
		3048204920F8AAB8007F4673 /* PBXTargetDependency */ = {
			isa = PBXTargetDependency;
			target = 3048203D20F8AAB8007F4673 /* QuizEngine_iOS */;
			targetProxy = 3048204820F8AAB8007F4673 /* PBXContainerItemProxy */;
		};
		30B36D1A20EA3EFA0003EA66 /* PBXTargetDependency */ = {
			isa = PBXTargetDependency;
			target = 30B36D0D20EA3EF90003EA66 /* QuizEngine */;
			targetProxy = 30B36D1920EA3EFA0003EA66 /* PBXContainerItemProxy */;
		};
/* End PBXTargetDependency section */

/* Begin XCBuildConfiguration section */
		3048204F20F8AAB8007F4673 /* Debug */ = {
			isa = XCBuildConfiguration;
			buildSettings = {
				CODE_SIGN_IDENTITY = "iPhone Developer";
				CODE_SIGN_STYLE = Automatic;
				DEFINES_MODULE = YES;
				DYLIB_COMPATIBILITY_VERSION = 1;
				DYLIB_CURRENT_VERSION = 1;
				DYLIB_INSTALL_NAME_BASE = "@rpath";
				INFOPLIST_FILE = QuizEngine/Info.plist;
				INSTALL_PATH = "$(LOCAL_LIBRARY_DIR)/Frameworks";
				IPHONEOS_DEPLOYMENT_TARGET = 11.2;
				LD_RUNPATH_SEARCH_PATHS = "$(inherited) @executable_path/Frameworks @loader_path/Frameworks";
				PRODUCT_BUNDLE_IDENTIFIER = "andremartingo.QuizEngine-iOS";
				PRODUCT_NAME = QuizEngine;
				SDKROOT = iphoneos;
				SKIP_INSTALL = YES;
				SWIFT_VERSION = 4.0;
				TARGETED_DEVICE_FAMILY = "1,2";
			};
			name = Debug;
		};
		3048205020F8AAB8007F4673 /* Release */ = {
			isa = XCBuildConfiguration;
			buildSettings = {
				CODE_SIGN_IDENTITY = "iPhone Developer";
				CODE_SIGN_STYLE = Automatic;
				DEFINES_MODULE = YES;
				DYLIB_COMPATIBILITY_VERSION = 1;
				DYLIB_CURRENT_VERSION = 1;
				DYLIB_INSTALL_NAME_BASE = "@rpath";
				INFOPLIST_FILE = QuizEngine/Info.plist;
				INSTALL_PATH = "$(LOCAL_LIBRARY_DIR)/Frameworks";
				IPHONEOS_DEPLOYMENT_TARGET = 11.2;
				LD_RUNPATH_SEARCH_PATHS = "$(inherited) @executable_path/Frameworks @loader_path/Frameworks";
				PRODUCT_BUNDLE_IDENTIFIER = "andremartingo.QuizEngine-iOS";
				PRODUCT_NAME = QuizEngine;
				SDKROOT = iphoneos;
				SKIP_INSTALL = YES;
				SWIFT_VERSION = 4.0;
				TARGETED_DEVICE_FAMILY = "1,2";
				VALIDATE_PRODUCT = YES;
			};
			name = Release;
		};
		3048205120F8AAB8007F4673 /* Debug */ = {
			isa = XCBuildConfiguration;
			buildSettings = {
				ALWAYS_EMBED_SWIFT_STANDARD_LIBRARIES = YES;
				CODE_SIGN_IDENTITY = "iPhone Developer";
				CODE_SIGN_STYLE = Automatic;
				INFOPLIST_FILE = QuizEngine/Info.plist;
				IPHONEOS_DEPLOYMENT_TARGET = 11.2;
				LD_RUNPATH_SEARCH_PATHS = "$(inherited) @executable_path/Frameworks @loader_path/Frameworks";
				PRODUCT_BUNDLE_IDENTIFIER = "andremartingo.QuizEngine-iOSTests";
				PRODUCT_NAME = "$(TARGET_NAME)";
				SDKROOT = iphoneos;
				SWIFT_VERSION = 4.0;
				TARGETED_DEVICE_FAMILY = "1,2";
			};
			name = Debug;
		};
		3048205220F8AAB8007F4673 /* Release */ = {
			isa = XCBuildConfiguration;
			buildSettings = {
				ALWAYS_EMBED_SWIFT_STANDARD_LIBRARIES = YES;
				CODE_SIGN_IDENTITY = "iPhone Developer";
				CODE_SIGN_STYLE = Automatic;
				INFOPLIST_FILE = QuizEngine/Info.plist;
				IPHONEOS_DEPLOYMENT_TARGET = 11.2;
				LD_RUNPATH_SEARCH_PATHS = "$(inherited) @executable_path/Frameworks @loader_path/Frameworks";
				PRODUCT_BUNDLE_IDENTIFIER = "andremartingo.QuizEngine-iOSTests";
				PRODUCT_NAME = "$(TARGET_NAME)";
				SDKROOT = iphoneos;
				SWIFT_VERSION = 4.0;
				TARGETED_DEVICE_FAMILY = "1,2";
				VALIDATE_PRODUCT = YES;
			};
			name = Release;
		};
		30B36D2020EA3EFA0003EA66 /* Debug */ = {
			isa = XCBuildConfiguration;
			buildSettings = {
				ALWAYS_SEARCH_USER_PATHS = NO;
				CLANG_ANALYZER_NONNULL = YES;
				CLANG_ANALYZER_NUMBER_OBJECT_CONVERSION = YES_AGGRESSIVE;
				CLANG_CXX_LANGUAGE_STANDARD = "gnu++14";
				CLANG_CXX_LIBRARY = "libc++";
				CLANG_ENABLE_MODULES = YES;
				CLANG_ENABLE_OBJC_ARC = YES;
				CLANG_WARN_BLOCK_CAPTURE_AUTORELEASING = YES;
				CLANG_WARN_BOOL_CONVERSION = YES;
				CLANG_WARN_COMMA = YES;
				CLANG_WARN_CONSTANT_CONVERSION = YES;
				CLANG_WARN_DIRECT_OBJC_ISA_USAGE = YES_ERROR;
				CLANG_WARN_DOCUMENTATION_COMMENTS = YES;
				CLANG_WARN_EMPTY_BODY = YES;
				CLANG_WARN_ENUM_CONVERSION = YES;
				CLANG_WARN_INFINITE_RECURSION = YES;
				CLANG_WARN_INT_CONVERSION = YES;
				CLANG_WARN_NON_LITERAL_NULL_CONVERSION = YES;
				CLANG_WARN_OBJC_LITERAL_CONVERSION = YES;
				CLANG_WARN_OBJC_ROOT_CLASS = YES_ERROR;
				CLANG_WARN_RANGE_LOOP_ANALYSIS = YES;
				CLANG_WARN_STRICT_PROTOTYPES = YES;
				CLANG_WARN_SUSPICIOUS_MOVE = YES;
				CLANG_WARN_UNGUARDED_AVAILABILITY = YES_AGGRESSIVE;
				CLANG_WARN_UNREACHABLE_CODE = YES;
				CLANG_WARN__DUPLICATE_METHOD_MATCH = YES;
				CODE_SIGN_IDENTITY = "-";
				COPY_PHASE_STRIP = NO;
				CURRENT_PROJECT_VERSION = 1;
				DEBUG_INFORMATION_FORMAT = dwarf;
				ENABLE_STRICT_OBJC_MSGSEND = YES;
				ENABLE_TESTABILITY = YES;
				GCC_C_LANGUAGE_STANDARD = gnu11;
				GCC_DYNAMIC_NO_PIC = NO;
				GCC_NO_COMMON_BLOCKS = YES;
				GCC_OPTIMIZATION_LEVEL = 0;
				GCC_PREPROCESSOR_DEFINITIONS = (
					"DEBUG=1",
					"$(inherited)",
				);
				GCC_WARN_64_TO_32_BIT_CONVERSION = YES;
				GCC_WARN_ABOUT_RETURN_TYPE = YES_ERROR;
				GCC_WARN_UNDECLARED_SELECTOR = YES;
				GCC_WARN_UNINITIALIZED_AUTOS = YES_AGGRESSIVE;
				GCC_WARN_UNUSED_FUNCTION = YES;
				GCC_WARN_UNUSED_VARIABLE = YES;
				MACOSX_DEPLOYMENT_TARGET = 10.13;
				MTL_ENABLE_DEBUG_INFO = YES;
				ONLY_ACTIVE_ARCH = YES;
				SDKROOT = macosx;
				SWIFT_ACTIVE_COMPILATION_CONDITIONS = DEBUG;
				SWIFT_OPTIMIZATION_LEVEL = "-Onone";
				VERSIONING_SYSTEM = "apple-generic";
				VERSION_INFO_PREFIX = "";
			};
			name = Debug;
		};
		30B36D2120EA3EFA0003EA66 /* Release */ = {
			isa = XCBuildConfiguration;
			buildSettings = {
				ALWAYS_SEARCH_USER_PATHS = NO;
				CLANG_ANALYZER_NONNULL = YES;
				CLANG_ANALYZER_NUMBER_OBJECT_CONVERSION = YES_AGGRESSIVE;
				CLANG_CXX_LANGUAGE_STANDARD = "gnu++14";
				CLANG_CXX_LIBRARY = "libc++";
				CLANG_ENABLE_MODULES = YES;
				CLANG_ENABLE_OBJC_ARC = YES;
				CLANG_WARN_BLOCK_CAPTURE_AUTORELEASING = YES;
				CLANG_WARN_BOOL_CONVERSION = YES;
				CLANG_WARN_COMMA = YES;
				CLANG_WARN_CONSTANT_CONVERSION = YES;
				CLANG_WARN_DIRECT_OBJC_ISA_USAGE = YES_ERROR;
				CLANG_WARN_DOCUMENTATION_COMMENTS = YES;
				CLANG_WARN_EMPTY_BODY = YES;
				CLANG_WARN_ENUM_CONVERSION = YES;
				CLANG_WARN_INFINITE_RECURSION = YES;
				CLANG_WARN_INT_CONVERSION = YES;
				CLANG_WARN_NON_LITERAL_NULL_CONVERSION = YES;
				CLANG_WARN_OBJC_LITERAL_CONVERSION = YES;
				CLANG_WARN_OBJC_ROOT_CLASS = YES_ERROR;
				CLANG_WARN_RANGE_LOOP_ANALYSIS = YES;
				CLANG_WARN_STRICT_PROTOTYPES = YES;
				CLANG_WARN_SUSPICIOUS_MOVE = YES;
				CLANG_WARN_UNGUARDED_AVAILABILITY = YES_AGGRESSIVE;
				CLANG_WARN_UNREACHABLE_CODE = YES;
				CLANG_WARN__DUPLICATE_METHOD_MATCH = YES;
				CODE_SIGN_IDENTITY = "-";
				COPY_PHASE_STRIP = NO;
				CURRENT_PROJECT_VERSION = 1;
				DEBUG_INFORMATION_FORMAT = "dwarf-with-dsym";
				ENABLE_NS_ASSERTIONS = NO;
				ENABLE_STRICT_OBJC_MSGSEND = YES;
				GCC_C_LANGUAGE_STANDARD = gnu11;
				GCC_NO_COMMON_BLOCKS = YES;
				GCC_WARN_64_TO_32_BIT_CONVERSION = YES;
				GCC_WARN_ABOUT_RETURN_TYPE = YES_ERROR;
				GCC_WARN_UNDECLARED_SELECTOR = YES;
				GCC_WARN_UNINITIALIZED_AUTOS = YES_AGGRESSIVE;
				GCC_WARN_UNUSED_FUNCTION = YES;
				GCC_WARN_UNUSED_VARIABLE = YES;
				MACOSX_DEPLOYMENT_TARGET = 10.13;
				MTL_ENABLE_DEBUG_INFO = NO;
				SDKROOT = macosx;
				SWIFT_OPTIMIZATION_LEVEL = "-Owholemodule";
				VERSIONING_SYSTEM = "apple-generic";
				VERSION_INFO_PREFIX = "";
			};
			name = Release;
		};
		30B36D2320EA3EFA0003EA66 /* Debug */ = {
			isa = XCBuildConfiguration;
			buildSettings = {
				CLANG_ENABLE_MODULES = YES;
				CODE_SIGN_IDENTITY = "";
				CODE_SIGN_STYLE = Automatic;
				COMBINE_HIDPI_IMAGES = YES;
				DEFINES_MODULE = YES;
				DYLIB_COMPATIBILITY_VERSION = 1;
				DYLIB_CURRENT_VERSION = 1;
				DYLIB_INSTALL_NAME_BASE = "@rpath";
				FRAMEWORK_VERSION = A;
				INFOPLIST_FILE = QuizEngine/Info.plist;
				INSTALL_PATH = "$(LOCAL_LIBRARY_DIR)/Frameworks";
				LD_RUNPATH_SEARCH_PATHS = "$(inherited) @executable_path/../Frameworks @loader_path/Frameworks";
				PRODUCT_BUNDLE_IDENTIFIER = andremartingo.QuizEngine;
				PRODUCT_NAME = "$(TARGET_NAME:c99extidentifier)";
				SKIP_INSTALL = YES;
				SWIFT_OPTIMIZATION_LEVEL = "-Onone";
				SWIFT_VERSION = 4.0;
			};
			name = Debug;
		};
		30B36D2420EA3EFA0003EA66 /* Release */ = {
			isa = XCBuildConfiguration;
			buildSettings = {
				CLANG_ENABLE_MODULES = YES;
				CODE_SIGN_IDENTITY = "";
				CODE_SIGN_STYLE = Automatic;
				COMBINE_HIDPI_IMAGES = YES;
				DEFINES_MODULE = YES;
				DYLIB_COMPATIBILITY_VERSION = 1;
				DYLIB_CURRENT_VERSION = 1;
				DYLIB_INSTALL_NAME_BASE = "@rpath";
				FRAMEWORK_VERSION = A;
				INFOPLIST_FILE = QuizEngine/Info.plist;
				INSTALL_PATH = "$(LOCAL_LIBRARY_DIR)/Frameworks";
				LD_RUNPATH_SEARCH_PATHS = "$(inherited) @executable_path/../Frameworks @loader_path/Frameworks";
				PRODUCT_BUNDLE_IDENTIFIER = andremartingo.QuizEngine;
				PRODUCT_NAME = "$(TARGET_NAME:c99extidentifier)";
				SKIP_INSTALL = YES;
				SWIFT_VERSION = 4.0;
			};
			name = Release;
		};
		30B36D2620EA3EFA0003EA66 /* Debug */ = {
			isa = XCBuildConfiguration;
			buildSettings = {
				ALWAYS_EMBED_SWIFT_STANDARD_LIBRARIES = YES;
				CLANG_ENABLE_MODULES = YES;
				CODE_SIGN_STYLE = Automatic;
				COMBINE_HIDPI_IMAGES = YES;
				INFOPLIST_FILE = QuizEngineTests/Info.plist;
				LD_RUNPATH_SEARCH_PATHS = "$(inherited) @executable_path/../Frameworks @loader_path/../Frameworks";
				PRODUCT_BUNDLE_IDENTIFIER = andremartingo.QuizEngineTests;
				PRODUCT_NAME = "$(TARGET_NAME)";
				SWIFT_OPTIMIZATION_LEVEL = "-Onone";
				SWIFT_VERSION = 4.0;
			};
			name = Debug;
		};
		30B36D2720EA3EFA0003EA66 /* Release */ = {
			isa = XCBuildConfiguration;
			buildSettings = {
				ALWAYS_EMBED_SWIFT_STANDARD_LIBRARIES = YES;
				CLANG_ENABLE_MODULES = YES;
				CODE_SIGN_STYLE = Automatic;
				COMBINE_HIDPI_IMAGES = YES;
				INFOPLIST_FILE = QuizEngineTests/Info.plist;
				LD_RUNPATH_SEARCH_PATHS = "$(inherited) @executable_path/../Frameworks @loader_path/../Frameworks";
				PRODUCT_BUNDLE_IDENTIFIER = andremartingo.QuizEngineTests;
				PRODUCT_NAME = "$(TARGET_NAME)";
				SWIFT_VERSION = 4.0;
			};
			name = Release;
		};
/* End XCBuildConfiguration section */

/* Begin XCConfigurationList section */
		3048205320F8AAB8007F4673 /* Build configuration list for PBXNativeTarget "QuizEngine_iOS" */ = {
			isa = XCConfigurationList;
			buildConfigurations = (
				3048204F20F8AAB8007F4673 /* Debug */,
				3048205020F8AAB8007F4673 /* Release */,
			);
			defaultConfigurationIsVisible = 0;
			defaultConfigurationName = Release;
		};
		3048205420F8AAB8007F4673 /* Build configuration list for PBXNativeTarget "QuizEngine_iOSTests" */ = {
			isa = XCConfigurationList;
			buildConfigurations = (
				3048205120F8AAB8007F4673 /* Debug */,
				3048205220F8AAB8007F4673 /* Release */,
			);
			defaultConfigurationIsVisible = 0;
			defaultConfigurationName = Release;
		};
		30B36D0820EA3EF90003EA66 /* Build configuration list for PBXProject "QuizEngine" */ = {
			isa = XCConfigurationList;
			buildConfigurations = (
				30B36D2020EA3EFA0003EA66 /* Debug */,
				30B36D2120EA3EFA0003EA66 /* Release */,
			);
			defaultConfigurationIsVisible = 0;
			defaultConfigurationName = Release;
		};
		30B36D2220EA3EFA0003EA66 /* Build configuration list for PBXNativeTarget "QuizEngine" */ = {
			isa = XCConfigurationList;
			buildConfigurations = (
				30B36D2320EA3EFA0003EA66 /* Debug */,
				30B36D2420EA3EFA0003EA66 /* Release */,
			);
			defaultConfigurationIsVisible = 0;
			defaultConfigurationName = Release;
		};
		30B36D2520EA3EFA0003EA66 /* Build configuration list for PBXNativeTarget "QuizEngineTests" */ = {
			isa = XCConfigurationList;
			buildConfigurations = (
				30B36D2620EA3EFA0003EA66 /* Debug */,
				30B36D2720EA3EFA0003EA66 /* Release */,
			);
			defaultConfigurationIsVisible = 0;
			defaultConfigurationName = Release;
		};
/* End XCConfigurationList section */
	};
	rootObject = 30B36D0520EA3EF90003EA66 /* Project object */;
}
